
Microsoft Visual Studio Solution File, Format Version 12.00
# Visual Studio Version 17
VisualStudioVersion = 17.9.34723.18
MinimumVisualStudioVersion = 10.0.40219.1
Project("{FAE04EC0-301F-11D3-BF4B-00C04F79EFBC}") = "ConsoleApp2", "ConsoleApp2\ConsoleApp2.csproj", "{7E0E70F9-1A8A-4517-91D2-87AECD9DC3F2}"
EndProject
Global
	GlobalSection(SolutionConfigurationPlatforms) = preSolution
		Debug|Any CPU = Debug|Any CPU
		Release|Any CPU = Release|Any CPU
	EndGlobalSection
	GlobalSection(ProjectConfigurationPlatforms) = postSolution
		{7E0E70F9-1A8A-4517-91D2-87AECD9DC3F2}.Debug|Any CPU.ActiveCfg = Debug|Any CPU
		{7E0E70F9-1A8A-4517-91D2-87AECD9DC3F2}.Debug|Any CPU.Build.0 = Debug|Any CPU
		{7E0E70F9-1A8A-4517-91D2-87AECD9DC3F2}.Release|Any CPU.ActiveCfg = Release|Any CPU
		{7E0E70F9-1A8A-4517-91D2-87AECD9DC3F2}.Release|Any CPU.Build.0 = Release|Any CPU
	EndGlobalSection
	GlobalSection(SolutionProperties) = preSolution
		HideSolutionNode = FALSE
	EndGlobalSection
	GlobalSection(ExtensibilityGlobals) = postSolution
		SolutionGuid = {15F7C92D-0043-4AB6-9776-191A73BB5B0E}
	EndGlobalSection
EndGlobal
